{
  "version": 4,
  "terraform_version": "1.15.5",
  "serial": 6,
  "lineage": "c84496ce-cd81-3ed6-2805-fb9ea0c23013",
  "outputs": {
    "cluster_autoscaler_role_arn": {
      "value": "arn:aws:iam::287167053779:role/cluster-autoscaler-irsa-dev-eks-cluster",
      "type": "string"
    }
  },
  "resources": [
    {
      "mode": "data",
      "type": "aws_iam_policy_document",
      "name": "cluster_autoscaler_assume_role",
      "provider": "provider[\"registry.terraform.io/hashicorp/aws\"]",
      "instances": [
        {
          "schema_version": 0,
          "attributes": {
            "id": "2739974081",
            "json": "{\n  \"Version\": \"2012-10-17\",\n  \"Statement\": [\n    {\n      \"Effect\": \"Allow\",\n      \"Action\": \"sts:AssumeRoleWithWebIdentity\",\n      \"Principal\": {\n        \"Federated\": \"arn:aws:iam::287167053779:oidc-provider/oidc.eks.ap-south-1.amazonaws.com/id/83547006AC5F55466345AACC79616111\"\n      },\n      \"Condition\": {\n        \"StringEquals\": {\n          \"oidc.eks.ap-south-1.amazonaws.com/id/83547006AC5F55466345AACC79616111:aud\": \"sts.amazonaws.com\",\n          \"oidc.eks.ap-south-1.amazonaws.com/id/83547006AC5F55466345AACC79616111:sub\": \"system:serviceaccount:kube-system:cluster-autoscaler\"\n        }\n      }\n    }\n  ]\n}",
            "minified_json": "{\"Version\":\"2012-10-17\",\"Statement\":[{\"Effect\":\"Allow\",\"Action\":\"sts:AssumeRoleWithWebIdentity\",\"Principal\":{\"Federated\":\"arn:aws:iam::287167053779:oidc-provider/oidc.eks.ap-south-1.amazonaws.com/id/83547006AC5F55466345AACC79616111\"},\"Condition\":{\"StringEquals\":{\"oidc.eks.ap-south-1.amazonaws.com/id/83547006AC5F55466345AACC79616111:aud\":\"sts.amazonaws.com\",\"oidc.eks.ap-south-1.amazonaws.com/id/83547006AC5F55466345AACC79616111:sub\":\"system:serviceaccount:kube-system:cluster-autoscaler\"}}}]}",
            "override_json": null,
            "override_policy_documents": null,
            "policy_id": null,
            "source_json": null,
            "source_policy_documents": null,
            "statement": [
              {
                "actions": [
                  "sts:AssumeRoleWithWebIdentity"
                ],
                "condition": [
                  {
                    "test": "StringEquals",
                    "values": [
                      "sts.amazonaws.com"
                    ],
                    "variable": "oidc.eks.ap-south-1.amazonaws.com/id/83547006AC5F55466345AACC79616111:aud"
                  },
                  {
                    "test": "StringEquals",
                    "values": [
                      "system:serviceaccount:kube-system:cluster-autoscaler"
                    ],
                    "variable": "oidc.eks.ap-south-1.amazonaws.com/id/83547006AC5F55466345AACC79616111:sub"
                  }
                ],
                "effect": "Allow",
                "not_actions": [],
                "not_principals": [],
                "not_resources": [],
                "principals": [
                  {
                    "identifiers": [
                      "arn:aws:iam::287167053779:oidc-provider/oidc.eks.ap-south-1.amazonaws.com/id/83547006AC5F55466345AACC79616111"
                    ],
                    "type": "Federated"
                  }
                ],
                "resources": [],
                "sid": ""
              }
            ],
            "version": "2012-10-17"
          },
          "sensitive_attributes": [],
          "identity_schema_version": 0
        }
      ]
    },
    {
      "mode": "managed",
      "type": "aws_iam_policy",
      "name": "cluster_autoscaler",
      "provider": "provider[\"registry.terraform.io/hashicorp/aws\"]",
      "instances": [
        {
          "schema_version": 0,
          "attributes": {
            "arn": "arn:aws:iam::287167053779:policy/ClusterAutoscalerPolicy-dev-eks-cluster",
            "attachment_count": 1,
            "description": "",
            "id": "arn:aws:iam::287167053779:policy/ClusterAutoscalerPolicy-dev-eks-cluster",
            "name": "ClusterAutoscalerPolicy-dev-eks-cluster",
            "name_prefix": "",
            "path": "/",
            "policy": "{\"Statement\":[{\"Action\":[\"autoscaling:DescribeAutoScalingGroups\",\"autoscaling:DescribeAutoScalingInstances\",\"autoscaling:DescribeLaunchConfigurations\",\"autoscaling:DescribeTags\",\"autoscaling:SetDesiredCapacity\",\"autoscaling:TerminateInstanceInAutoScalingGroup\",\"ec2:DescribeLaunchTemplateVersions\",\"ec2:DescribeInstanceTypes\",\"eks:DescribeNodegroup\"],\"Effect\":\"Allow\",\"Resource\":\"*\"}],\"Version\":\"2012-10-17\"}",
            "policy_id": "ANPAUFXD5P7J4DPTHDWNA",
            "tags": {},
            "tags_all": {}
          },
          "sensitive_attributes": [],
          "identity_schema_version": 0,
          "private": "bnVsbA=="
        }
      ]
    },
    {
      "mode": "managed",
      "type": "aws_iam_role",
      "name": "cluster_autoscaler",
      "provider": "provider[\"registry.terraform.io/hashicorp/aws\"]",
      "instances": [
        {
          "schema_version": 0,
          "attributes": {
            "arn": "arn:aws:iam::287167053779:role/cluster-autoscaler-irsa-dev-eks-cluster",
            "assume_role_policy": "{\"Statement\":[{\"Action\":\"sts:AssumeRoleWithWebIdentity\",\"Condition\":{\"StringEquals\":{\"oidc.eks.ap-south-1.amazonaws.com/id/83547006AC5F55466345AACC79616111:aud\":\"sts.amazonaws.com\",\"oidc.eks.ap-south-1.amazonaws.com/id/83547006AC5F55466345AACC79616111:sub\":\"system:serviceaccount:kube-system:cluster-autoscaler\"}},\"Effect\":\"Allow\",\"Principal\":{\"Federated\":\"arn:aws:iam::287167053779:oidc-provider/oidc.eks.ap-south-1.amazonaws.com/id/83547006AC5F55466345AACC79616111\"}}],\"Version\":\"2012-10-17\"}",
            "create_date": "2026-07-01T09:45:59Z",
            "description": "",
            "force_detach_policies": false,
            "id": "cluster-autoscaler-irsa-dev-eks-cluster",
            "inline_policy": [],
            "managed_policy_arns": [
              "arn:aws:iam::287167053779:policy/ClusterAutoscalerPolicy-dev-eks-cluster"
            ],
            "max_session_duration": 3600,
            "name": "cluster-autoscaler-irsa-dev-eks-cluster",
            "name_prefix": "",
            "path": "/",
            "permissions_boundary": "",
            "tags": {},
            "tags_all": {},
            "unique_id": "AROAUFXD5P7J57OU6LG4N"
          },
          "sensitive_attributes": [],
          "identity_schema_version": 0,
          "private": "bnVsbA==",
          "dependencies": [
            "data.aws_iam_policy_document.cluster_autoscaler_assume_role"
          ]
        }
      ]
    },
    {
      "mode": "managed",
      "type": "aws_iam_role_policy_attachment",
      "name": "cluster_autoscaler",
      "provider": "provider[\"registry.terraform.io/hashicorp/aws\"]",
      "instances": [
        {
          "schema_version": 0,
          "attributes": {
            "id": "cluster-autoscaler-irsa-dev-eks-cluster-20260701094602331300000001",
            "policy_arn": "arn:aws:iam::287167053779:policy/ClusterAutoscalerPolicy-dev-eks-cluster",
            "role": "cluster-autoscaler-irsa-dev-eks-cluster"
          },
          "sensitive_attributes": [],
          "identity_schema_version": 0,
          "private": "bnVsbA==",
          "dependencies": [
            "aws_iam_policy.cluster_autoscaler",
            "aws_iam_role.cluster_autoscaler",
            "data.aws_iam_policy_document.cluster_autoscaler_assume_role"
          ]
        }
      ]
    }
  ],
  "check_results": null
}
